{
  "requires": true,
  "lockfileVersion": 1,
  "dependencies": {
    "vuejs-datepicker": {
      "version": "1.5.4",
      "resolved": "https://registry.npmjs.org/vuejs-datepicker/-/vuejs-datepicker-1.5.4.tgz",
      "integrity": "sha512-AVzgu3pb/fF/Sj3qu8YPnp7KhtsXkm8TSnBEcyYsWb1bMJr5FdPCxuIzISgw5kq0It7HkVJUGXQ4CiCwq9hhww=="
    }
  }
}
